// !$*UTF8*$!
{
	archiveVersion = 1;
	classes = {
	};
	objectVersion = 46;
	objects = {

/* Begin PBXBuildFile section */
		AA8912841C9B3627008E81CB /* AppDelegate.swift in Sources */ = {isa = PBXBuildFile; fileRef = AA8912831C9B3627008E81CB /* AppDelegate.swift */; };
		AA8912861C9B3627008E81CB /* ViewController.swift in Sources */ = {isa = PBXBuildFile; fileRef = AA8912851C9B3627008E81CB /* ViewController.swift */; };
		AA8912891C9B3627008E81CB /* Main.storyboard in Resources */ = {isa = PBXBuildFile; fileRef = AA8912871C9B3627008E81CB /* Main.storyboard */; };
		AA89128C1C9B3627008E81CB /* MyRecipez.xcdatamodeld in Sources */ = {isa = PBXBuildFile; fileRef = AA89128A1C9B3627008E81CB /* MyRecipez.xcdatamodeld */; };
		AA89128E1C9B3627008E81CB /* Assets.xcassets in Resources */ = {isa = PBXBuildFile; fileRef = AA89128D1C9B3627008E81CB /* Assets.xcassets */; };
		AA8912911C9B3627008E81CB /* LaunchScreen.storyboard in Resources */ = {isa = PBXBuildFile; fileRef = AA89128F1C9B3627008E81CB /* LaunchScreen.storyboard */; };
		AAAFE5351C9D515D00662330 /* Recipe+CoreDataProperties.swift in Sources */ = {isa = PBXBuildFile; fileRef = AAAFE5331C9D515D00662330 /* Recipe+CoreDataProperties.swift */; };
		AAAFE5361C9D515D00662330 /* Recipe.swift in Sources */ = {isa = PBXBuildFile; fileRef = AAAFE5341C9D515D00662330 /* Recipe.swift */; };
		AAAFE5381C9D54ED00662330 /* RecipeCell.swift in Sources */ = {isa = PBXBuildFile; fileRef = AAAFE5371C9D54ED00662330 /* RecipeCell.swift */; };
		AAAFE53A1C9D5C8F00662330 /* CreateRecipeVC.swift in Sources */ = {isa = PBXBuildFile; fileRef = AAAFE5391C9D5C8F00662330 /* CreateRecipeVC.swift */; };
		AAAFE53E1C9D849F00662330 /* RecipeDetailVC.swift in Sources */ = {isa = PBXBuildFile; fileRef = AAAFE53D1C9D849F00662330 /* RecipeDetailVC.swift */; };
/* End PBXBuildFile section */

/* Begin PBXFileReference section */
		AA8912801C9B3627008E81CB /* MyRecipez.app */ = {isa = PBXFileReference; explicitFileType = wrapper.application; includeInIndex = 0; path = MyRecipez.app; sourceTree = BUILT_PRODUCTS_DIR; };
		AA8912831C9B3627008E81CB /* AppDelegate.swift */ = {isa = PBXFileReference; lastKnownFileType = sourcecode.swift; path = AppDelegate.swift; sourceTree = "<group>"; };
		AA8912851C9B3627008E81CB /* ViewController.swift */ = {isa = PBXFileReference; lastKnownFileType = sourcecode.swift; path = ViewController.swift; sourceTree = "<group>"; };
		AA8912881C9B3627008E81CB /* Base */ = {isa = PBXFileReference; lastKnownFileType = file.storyboard; name = Base; path = Base.lproj/Main.storyboard; sourceTree = "<group>"; };
		AA89128B1C9B3627008E81CB /* MyRecipez.xcdatamodel */ = {isa = PBXFileReference; lastKnownFileType = wrapper.xcdatamodel; path = MyRecipez.xcdatamodel; sourceTree = "<group>"; };
		AA89128D1C9B3627008E81CB /* Assets.xcassets */ = {isa = PBXFileReference; lastKnownFileType = folder.assetcatalog; path = Assets.xcassets; sourceTree = "<group>"; };
		AA8912901C9B3627008E81CB /* Base */ = {isa = PBXFileReference; lastKnownFileType = file.storyboard; name = Base; path = Base.lproj/LaunchScreen.storyboard; sourceTree = "<group>"; };
		AA8912921C9B3627008E81CB /* Info.plist */ = {isa = PBXFileReference; lastKnownFileType = text.plist.xml; path = Info.plist; sourceTree = "<group>"; };
		AAAFE5331C9D515D00662330 /* Recipe+CoreDataProperties.swift */ = {isa = PBXFileReference; fileEncoding = 4; lastKnownFileType = sourcecode.swift; name = "Recipe+CoreDataProperties.swift"; path = "../Recipe+CoreDataProperties.swift"; sourceTree = "<group>"; };
		AAAFE5341C9D515D00662330 /* Recipe.swift */ = {isa = PBXFileReference; fileEncoding = 4; lastKnownFileType = sourcecode.swift; name = Recipe.swift; path = ../Recipe.swift; sourceTree = "<group>"; };
		AAAFE5371C9D54ED00662330 /* RecipeCell.swift */ = {isa = PBXFileReference; fileEncoding = 4; lastKnownFileType = sourcecode.swift; path = RecipeCell.swift; sourceTree = "<group>"; };
		AAAFE5391C9D5C8F00662330 /* CreateRecipeVC.swift */ = {isa = PBXFileReference; fileEncoding = 4; lastKnownFileType = sourcecode.swift; path = CreateRecipeVC.swift; sourceTree = "<group>"; };
		AAAFE53D1C9D849F00662330 /* RecipeDetailVC.swift */ = {isa = PBXFileReference; fileEncoding = 4; lastKnownFileType = sourcecode.swift; path = RecipeDetailVC.swift; sourceTree = "<group>"; };
/* End PBXFileReference section */

/* Begin PBXFrameworksBuildPhase section */
		AA89127D1C9B3627008E81CB /* Frameworks */ = {
			isa = PBXFrameworksBuildPhase;
			buildActionMask = 2147483647;
			files = (
			);
			runOnlyForDeploymentPostprocessing = 0;
		};
/* End PBXFrameworksBuildPhase section */

/* Begin PBXGroup section */
		AA8912771C9B3627008E81CB = {
			isa = PBXGroup;
			children = (
				AA8912821C9B3627008E81CB /* MyRecipez */,
				AA8912811C9B3627008E81CB /* Products */,
			);
			sourceTree = "<group>";
		};
		AA8912811C9B3627008E81CB /* Products */ = {
			isa = PBXGroup;
			children = (
				AA8912801C9B3627008E81CB /* MyRecipez.app */,
			);
			name = Products;
			sourceTree = "<group>";
		};
		AA8912821C9B3627008E81CB /* MyRecipez */ = {
			isa = PBXGroup;
			children = (
				AAAFE5321C9D50F100662330 /* Controller */,
				AAAFE5311C9D50ED00662330 /* View */,
				AAAFE5301C9D50E300662330 /* Model */,
				AA8912831C9B3627008E81CB /* AppDelegate.swift */,
				AA8912871C9B3627008E81CB /* Main.storyboard */,
				AA89128D1C9B3627008E81CB /* Assets.xcassets */,
				AA89128F1C9B3627008E81CB /* LaunchScreen.storyboard */,
				AA8912921C9B3627008E81CB /* Info.plist */,
				AA89128A1C9B3627008E81CB /* MyRecipez.xcdatamodeld */,
			);
			path = MyRecipez;
			sourceTree = "<group>";
		};
		AAAFE5301C9D50E300662330 /* Model */ = {
			isa = PBXGroup;
			children = (
				AAAFE5331C9D515D00662330 /* Recipe+CoreDataProperties.swift */,
				AAAFE5341C9D515D00662330 /* Recipe.swift */,
			);
			name = Model;
			sourceTree = "<group>";
		};
		AAAFE5311C9D50ED00662330 /* View */ = {
			isa = PBXGroup;
			children = (
				AAAFE5371C9D54ED00662330 /* RecipeCell.swift */,
			);
			name = View;
			sourceTree = "<group>";
		};
		AAAFE5321C9D50F100662330 /* Controller */ = {
			isa = PBXGroup;
			children = (
				AA8912851C9B3627008E81CB /* ViewController.swift */,
				AAAFE5391C9D5C8F00662330 /* CreateRecipeVC.swift */,
				AAAFE53D1C9D849F00662330 /* RecipeDetailVC.swift */,
			);
			name = Controller;
			sourceTree = "<group>";
		};
/* End PBXGroup section */

/* Begin PBXNativeTarget section */
		AA89127F1C9B3627008E81CB /* MyRecipez */ = {
			isa = PBXNativeTarget;
			buildConfigurationList = AA8912951C9B3627008E81CB /* Build configuration list for PBXNativeTarget "MyRecipez" */;
			buildPhases = (
				AA89127C1C9B3627008E81CB /* Sources */,
				AA89127D1C9B3627008E81CB /* Frameworks */,
				AA89127E1C9B3627008E81CB /* Resources */,
			);
			buildRules = (
			);
			dependencies = (
			);
			name = MyRecipez;
			productName = MyRecipez;
			productReference = AA8912801C9B3627008E81CB /* MyRecipez.app */;
			productType = "com.apple.product-type.application";
		};
/* End PBXNativeTarget section */

/* Begin PBXProject section */
		AA8912781C9B3627008E81CB /* Project object */ = {
			isa = PBXProject;
			attributes = {
				LastSwiftUpdateCheck = 0720;
				LastUpgradeCheck = 0720;
				ORGANIZATIONNAME = "Gary Grape Productions";
				TargetAttributes = {
					AA89127F1C9B3627008E81CB = {
						CreatedOnToolsVersion = 7.2.1;
					};
				};
			};
			buildConfigurationList = AA89127B1C9B3627008E81CB /* Build configuration list for PBXProject "MyRecipez" */;
			compatibilityVersion = "Xcode 3.2";
			developmentRegion = English;
			hasScannedForEncodings = 0;
			knownRegions = (
				en,
				Base,
			);
			mainGroup = AA8912771C9B3627008E81CB;
			productRefGroup = AA8912811C9B3627008E81CB /* Products */;
			projectDirPath = "";
			projectRoot = "";
			targets = (
				AA89127F1C9B3627008E81CB /* MyRecipez */,
			);
		};
/* End PBXProject section */

/* Begin PBXResourcesBuildPhase section */
		AA89127E1C9B3627008E81CB /* Resources */ = {
			isa = PBXResourcesBuildPhase;
			buildActionMask = 2147483647;
			files = (
				AA8912911C9B3627008E81CB /* LaunchScreen.storyboard in Resources */,
				AA89128E1C9B3627008E81CB /* Assets.xcassets in Resources */,
				AA8912891C9B3627008E81CB /* Main.storyboard in Resources */,
			);
			runOnlyForDeploymentPostprocessing = 0;
		};
/* End PBXResourcesBuildPhase section */

/* Begin PBXSourcesBuildPhase section */
		AA89127C1C9B3627008E81CB /* Sources */ = {
			isa = PBXSourcesBuildPhase;
			buildActionMask = 2147483647;
			files = (
				AAAFE53E1C9D849F00662330 /* RecipeDetailVC.swift in Sources */,
				AA8912861C9B3627008E81CB /* ViewController.swift in Sources */,
				AAAFE5351C9D515D00662330 /* Recipe+CoreDataProperties.swift in Sources */,
				AA89128C1C9B3627008E81CB /* MyRecipez.xcdatamodeld in Sources */,
				AAAFE5381C9D54ED00662330 /* RecipeCell.swift in Sources */,
				AAAFE53A1C9D5C8F00662330 /* CreateRecipeVC.swift in Sources */,
				AA8912841C9B3627008E81CB /* AppDelegate.swift in Sources */,
				AAAFE5361C9D515D00662330 /* Recipe.swift in Sources */,
			);
			runOnlyForDeploymentPostprocessing = 0;
		};
/* End PBXSourcesBuildPhase section */

/* Begin PBXVariantGroup section */
		AA8912871C9B3627008E81CB /* Main.storyboard */ = {
			isa = PBXVariantGroup;
			children = (
				AA8912881C9B3627008E81CB /* Base */,
			);
			name = Main.storyboard;
			sourceTree = "<group>";
		};
		AA89128F1C9B3627008E81CB /* LaunchScreen.storyboard */ = {
			isa = PBXVariantGroup;
			children = (
				AA8912901C9B3627008E81CB /* Base */,
			);
			name = LaunchScreen.storyboard;
			sourceTree = "<group>";
		};
/* End PBXVariantGroup section */

/* Begin XCBuildConfiguration section */
		AA8912931C9B3627008E81CB /* Debug */ = {
			isa = XCBuildConfiguration;
			buildSettings = {
				ALWAYS_SEARCH_USER_PATHS = NO;
				CLANG_CXX_LANGUAGE_STANDARD = "gnu++0x";
				CLANG_CXX_LIBRARY = "libc++";
				CLANG_ENABLE_MODULES = YES;
				CLANG_ENABLE_OBJC_ARC = YES;
				CLANG_WARN_BOOL_CONVERSION = YES;
				CLANG_WARN_CONSTANT_CONVERSION = YES;
				CLANG_WARN_DIRECT_OBJC_ISA_USAGE = YES_ERROR;
				CLANG_WARN_EMPTY_BODY = YES;
				CLANG_WARN_ENUM_CONVERSION = YES;
				CLANG_WARN_INT_CONVERSION = YES;
				CLANG_WARN_OBJC_ROOT_CLASS = YES_ERROR;
				CLANG_WARN_UNREACHABLE_CODE = YES;
				CLANG_WARN__DUPLICATE_METHOD_MATCH = YES;
				"CODE_SIGN_IDENTITY[sdk=iphoneos*]" = "iPhone Developer";
				COPY_PHASE_STRIP = NO;
				DEBUG_INFORMATION_FORMAT = dwarf;
				ENABLE_STRICT_OBJC_MSGSEND = YES;
				ENABLE_TESTABILITY = YES;
				GCC_C_LANGUAGE_STANDARD = gnu99;
				GCC_DYNAMIC_NO_PIC = NO;
				GCC_NO_COMMON_BLOCKS = YES;
				GCC_OPTIMIZATION_LEVEL = 0;
				GCC_PREPROCESSOR_DEFINITIONS = (
					"DEBUG=1",
					"$(inherited)",
				);
				GCC_WARN_64_TO_32_BIT_CONVERSION = YES;
				GCC_WARN_ABOUT_RETURN_TYPE = YES_ERROR;
				GCC_WARN_UNDECLARED_SELECTOR = YES;
				GCC_WARN_UNINITIALIZED_AUTOS = YES_AGGRESSIVE;
				GCC_WARN_UNUSED_FUNCTION = YES;
				GCC_WARN_UNUSED_VARIABLE = YES;
				IPHONEOS_DEPLOYMENT_TARGET = 9.2;
				MTL_ENABLE_DEBUG_INFO = YES;
				ONLY_ACTIVE_ARCH = YES;
				SDKROOT = iphoneos;
				SWIFT_OPTIMIZATION_LEVEL = "-Onone";
				TARGETED_DEVICE_FAMILY = "1,2";
			};
			name = Debug;
		};
		AA8912941C9B3627008E81CB /* Release */ = {
			isa = XCBuildConfiguration;
			buildSettings = {
				ALWAYS_SEARCH_USER_PATHS = NO;
				CLANG_CXX_LANGUAGE_STANDARD = "gnu++0x";
				CLANG_CXX_LIBRARY = "libc++";
				CLANG_ENABLE_MODULES = YES;
				CLANG_ENABLE_OBJC_ARC = YES;
				CLANG_WARN_BOOL_CONVERSION = YES;
				CLANG_WARN_CONSTANT_CONVERSION = YES;
				CLANG_WARN_DIRECT_OBJC_ISA_USAGE = YES_ERROR;
				CLANG_WARN_EMPTY_BODY = YES;
				CLANG_WARN_ENUM_CONVERSION = YES;
				CLANG_WARN_INT_CONVERSION = YES;
				CLANG_WARN_OBJC_ROOT_CLASS = YES_ERROR;
				CLANG_WARN_UNREACHABLE_CODE = YES;
				CLANG_WARN__DUPLICATE_METHOD_MATCH = YES;
				"CODE_SIGN_IDENTITY[sdk=iphoneos*]" = "iPhone Developer";
				COPY_PHASE_STRIP = NO;
				DEBUG_INFORMATION_FORMAT = "dwarf-with-dsym";
				ENABLE_NS_ASSERTIONS = NO;
				ENABLE_STRICT_OBJC_MSGSEND = YES;
				GCC_C_LANGUAGE_STANDARD = gnu99;
				GCC_NO_COMMON_BLOCKS = YES;
				GCC_WARN_64_TO_32_BIT_CONVERSION = YES;
				GCC_WARN_ABOUT_RETURN_TYPE = YES_ERROR;
				GCC_WARN_UNDECLARED_SELECTOR = YES;
				GCC_WARN_UNINITIALIZED_AUTOS = YES_AGGRESSIVE;
				GCC_WARN_UNUSED_FUNCTION = YES;
				GCC_WARN_UNUSED_VARIABLE = YES;
				IPHONEOS_DEPLOYMENT_TARGET = 9.2;
				MTL_ENABLE_DEBUG_INFO = NO;
				SDKROOT = iphoneos;
				TARGETED_DEVICE_FAMILY = "1,2";
				VALIDATE_PRODUCT = YES;
			};
			name = Release;
		};
		AA8912961C9B3627008E81CB /* Debug */ = {
			isa = XCBuildConfiguration;
			buildSettings = {
				ASSETCATALOG_COMPILER_APPICON_NAME = AppIcon;
				INFOPLIST_FILE = MyRecipez/Info.plist;
				LD_RUNPATH_SEARCH_PATHS = "$(inherited) @executable_path/Frameworks";
				PRODUCT_BUNDLE_IDENTIFIER = io.garygrapeproductions.MyRecipez;
				PRODUCT_NAME = "$(TARGET_NAME)";
			};
			name = Debug;
		};
		AA8912971C9B3627008E81CB /* Release */ = {
			isa = XCBuildConfiguration;
			buildSettings = {
				ASSETCATALOG_COMPILER_APPICON_NAME = AppIcon;
				INFOPLIST_FILE = MyRecipez/Info.plist;
				LD_RUNPATH_SEARCH_PATHS = "$(inherited) @executable_path/Frameworks";
				PRODUCT_BUNDLE_IDENTIFIER = io.garygrapeproductions.MyRecipez;
				PRODUCT_NAME = "$(TARGET_NAME)";
			};
			name = Release;
		};
/* End XCBuildConfiguration section */

/* Begin XCConfigurationList section */
		AA89127B1C9B3627008E81CB /* Build configuration list for PBXProject "MyRecipez" */ = {
			isa = XCConfigurationList;
			buildConfigurations = (
				AA8912931C9B3627008E81CB /* Debug */,
				AA8912941C9B3627008E81CB /* Release */,
			);
			defaultConfigurationIsVisible = 0;
			defaultConfigurationName = Release;
		};
		AA8912951C9B3627008E81CB /* Build configuration list for PBXNativeTarget "MyRecipez" */ = {
			isa = XCConfigurationList;
			buildConfigurations = (
				AA8912961C9B3627008E81CB /* Debug */,
				AA8912971C9B3627008E81CB /* Release */,
			);
			defaultConfigurationIsVisible = 0;
			defaultConfigurationName = Release;
		};
/* End XCConfigurationList section */

/* Begin XCVersionGroup section */
		AA89128A1C9B3627008E81CB /* MyRecipez.xcdatamodeld */ = {
			isa = XCVersionGroup;
			children = (
				AA89128B1C9B3627008E81CB /* MyRecipez.xcdatamodel */,
			);
			currentVersion = AA89128B1C9B3627008E81CB /* MyRecipez.xcdatamodel */;
			path = MyRecipez.xcdatamodeld;
			sourceTree = "<group>";
			versionGroupType = wrapper.xcdatamodel;
		};
/* End XCVersionGroup section */
	};
	rootObject = AA8912781C9B3627008E81CB /* Project object */;
}
